
Microsoft Visual Studio Solution File, Format Version 12.00
# Visual Studio 15
VisualStudioVersion = 15.0.27428.2011
MinimumVisualStudioVersion = 10.0.40219.1
Project("{FAE04EC0-301F-11D3-BF4B-00C04F79EFBC}") = "WebApplication10", "WebApplication10\WebApplication10.csproj", "{261CA661-1E51-4223-9A1D-CECE7EC57226}"
EndProject
Global
	GlobalSection(SolutionConfigurationPlatforms) = preSolution
		Debug|Any CPU = Debug|Any CPU
		Release|Any CPU = Release|Any CPU
	EndGlobalSection
	GlobalSection(ProjectConfigurationPlatforms) = postSolution
		{261CA661-1E51-4223-9A1D-CECE7EC57226}.Debug|Any CPU.ActiveCfg = Debug|Any CPU
		{261CA661-1E51-4223-9A1D-CECE7EC57226}.Debug|Any CPU.Build.0 = Debug|Any CPU
		{261CA661-1E51-4223-9A1D-CECE7EC57226}.Release|Any CPU.ActiveCfg = Release|Any CPU
		{261CA661-1E51-4223-9A1D-CECE7EC57226}.Release|Any CPU.Build.0 = Release|Any CPU
	EndGlobalSection
	GlobalSection(SolutionProperties) = preSolution
		HideSolutionNode = FALSE
	EndGlobalSection
	GlobalSection(ExtensibilityGlobals) = postSolution
		SolutionGuid = {41B52FED-6151-49AD-9A5D-402C05E0E30E}
	EndGlobalSection
EndGlobal
